{
  "name": "digital-card-deploy-tools",
  "version": "1.0.0",
  "lockfileVersion": 3,
  "requires": true,
  "packages": {
    "": {
      "name": "digital-card-deploy-tools",
      "version": "1.0.0",
      "devDependencies": {
        "@cloudbase/cli": "3.2.2"
      }
    },
    "node_modules/@cloudbase/cli": {
      "version": "3.2.2",
      "resolved": "https://registry.npmjs.org/@cloudbase/cli/-/cli-3.2.2.tgz",
      "integrity": "sha512-6TyOniO2n6cEj8qw0qAUAmdyV7wjgR6wYmf9FHe8aWWAaM+giOuJxeCeC8Z3oUUz909a/eN4T0N3+noPj6iOsg==",
      "dev": true,
      "license": "ISC",
      "bin": {
        "cloudbase": "bin/cloudbase",
        "cloudbase-mcp": "bin/cloudbase-mcp",
        "tcb": "bin/tcb"
      }
    }
  }
}
